
Microsoft Visual Studio Solution File, Format Version 12.00
# Visual Studio Version 17
VisualStudioVersion = 17.13.35806.99 d17.13
MinimumVisualStudioVersion = 10.0.40219.1
Project("{FAE04EC0-301F-11D3-BF4B-00C04F79EFBC}") = "Activity1_sayson", "Activity1_sayson\Activity1_sayson.csproj", "{D578AB90-81EE-46F7-9108-D9FC1446DFBD}"
EndProject
Global
	GlobalSection(SolutionConfigurationPlatforms) = preSolution
		Debug|Any CPU = Debug|Any CPU
		Release|Any CPU = Release|Any CPU
	EndGlobalSection
	GlobalSection(ProjectConfigurationPlatforms) = postSolution
		{D578AB90-81EE-46F7-9108-D9FC1446DFBD}.Debug|Any CPU.ActiveCfg = Debug|Any CPU
		{D578AB90-81EE-46F7-9108-D9FC1446DFBD}.Debug|Any CPU.Build.0 = Debug|Any CPU
		{D578AB90-81EE-46F7-9108-D9FC1446DFBD}.Release|Any CPU.ActiveCfg = Release|Any CPU
		{D578AB90-81EE-46F7-9108-D9FC1446DFBD}.Release|Any CPU.Build.0 = Release|Any CPU
	EndGlobalSection
	GlobalSection(SolutionProperties) = preSolution
		HideSolutionNode = FALSE
	EndGlobalSection
	GlobalSection(ExtensibilityGlobals) = postSolution
		SolutionGuid = {A6465271-F290-46AD-BBBE-E02150B2DD49}
	EndGlobalSection
EndGlobal
